
Microsoft Visual Studio Solution File, Format Version 12.00
# Visual Studio 2012
Project("{FAE04EC0-301F-11D3-BF4B-00C04F79EFBC}") = "JSONFileStore", "JSONFileStore\JSONFileStore.csproj", "{DDBB26CA-E670-4689-8ADB-9A9E69585F1B}"
EndProject
Project("{FAE04EC0-301F-11D3-BF4B-00C04F79EFBC}") = "JSONFileStore.Test", "JSONFileStore.Test\JSONFileStore.Test.csproj", "{F1C514FB-A946-47F4-899C-518657AF60C6}"
EndProject
Global
	GlobalSection(SolutionConfigurationPlatforms) = preSolution
		Debug|Any CPU = Debug|Any CPU
		Release|Any CPU = Release|Any CPU
	EndGlobalSection
	GlobalSection(ProjectConfigurationPlatforms) = postSolution
		{DDBB26CA-E670-4689-8ADB-9A9E69585F1B}.Debug|Any CPU.ActiveCfg = Debug|Any CPU
		{DDBB26CA-E670-4689-8ADB-9A9E69585F1B}.Debug|Any CPU.Build.0 = Debug|Any CPU
		{DDBB26CA-E670-4689-8ADB-9A9E69585F1B}.Release|Any CPU.ActiveCfg = Release|Any CPU
		{DDBB26CA-E670-4689-8ADB-9A9E69585F1B}.Release|Any CPU.Build.0 = Release|Any CPU
		{F1C514FB-A946-47F4-899C-518657AF60C6}.Debug|Any CPU.ActiveCfg = Debug|Any CPU
		{F1C514FB-A946-47F4-899C-518657AF60C6}.Debug|Any CPU.Build.0 = Debug|Any CPU
		{F1C514FB-A946-47F4-899C-518657AF60C6}.Release|Any CPU.ActiveCfg = Release|Any CPU
		{F1C514FB-A946-47F4-899C-518657AF60C6}.Release|Any CPU.Build.0 = Release|Any CPU
	EndGlobalSection
	GlobalSection(SolutionProperties) = preSolution
		HideSolutionNode = FALSE
	EndGlobalSection
EndGlobal
